
Microsoft Visual Studio Solution File, Format Version 12.00
# Visual Studio Version 17
VisualStudioVersion = 17.4.33205.214
MinimumVisualStudioVersion = 10.0.40219.1
Project("{FAE04EC0-301F-11D3-BF4B-00C04F79EFBC}") = "Todolist.UWP", "Todolist\Todolist.UWP\Todolist.UWP.csproj", "{AD7064B9-472B-491E-B909-68C80275427A}"
EndProject
Project("{FAE04EC0-301F-11D3-BF4B-00C04F79EFBC}") = "Todolist.Android", "Todolist\Todolist.Android\Todolist.Android.csproj", "{448B6AD0-4657-447E-950F-7CB30F0C1C69}"
EndProject
Project("{FAE04EC0-301F-11D3-BF4B-00C04F79EFBC}") = "Todolist.iOS", "Todolist\Todolist.iOS\Todolist.iOS.csproj", "{A9AA5FC6-89A4-405C-907A-A038326B8D56}"
EndProject
Project("{FAE04EC0-301F-11D3-BF4B-00C04F79EFBC}") = "Todolist", "Todolist\Todolist\Todolist.csproj", "{819D8E23-E98C-4CD5-8D03-BA7E67C8E0F5}"
EndProject
Global
	GlobalSection(SolutionConfigurationPlatforms) = preSolution
		Debug|Any CPU = Debug|Any CPU
		Debug|ARM = Debug|ARM
		Debug|iPhone = Debug|iPhone
		Debug|iPhoneSimulator = Debug|iPhoneSimulator
		Debug|x64 = Debug|x64
		Debug|x86 = Debug|x86
		Release|Any CPU = Release|Any CPU
		Release|ARM = Release|ARM
		Release|iPhone = Release|iPhone
		Release|iPhoneSimulator = Release|iPhoneSimulator
		Release|x64 = Release|x64
		Release|x86 = Release|x86
	EndGlobalSection
	GlobalSection(ProjectConfigurationPlatforms) = postSolution
		{AD7064B9-472B-491E-B909-68C80275427A}.Debug|Any CPU.ActiveCfg = Debug|x64
		{AD7064B9-472B-491E-B909-68C80275427A}.Debug|Any CPU.Build.0 = Debug|x64
		{AD7064B9-472B-491E-B909-68C80275427A}.Debug|Any CPU.Deploy.0 = Debug|x64
		{AD7064B9-472B-491E-B909-68C80275427A}.Debug|ARM.ActiveCfg = Debug|ARM
		{AD7064B9-472B-491E-B909-68C80275427A}.Debug|ARM.Build.0 = Debug|ARM
		{AD7064B9-472B-491E-B909-68C80275427A}.Debug|ARM.Deploy.0 = Debug|ARM
		{AD7064B9-472B-491E-B909-68C80275427A}.Debug|iPhone.ActiveCfg = Debug|x64
		{AD7064B9-472B-491E-B909-68C80275427A}.Debug|iPhone.Build.0 = Debug|x64
		{AD7064B9-472B-491E-B909-68C80275427A}.Debug|iPhone.Deploy.0 = Debug|x64
		{AD7064B9-472B-491E-B909-68C80275427A}.Debug|iPhoneSimulator.ActiveCfg = Debug|x64
		{AD7064B9-472B-491E-B909-68C80275427A}.Debug|iPhoneSimulator.Build.0 = Debug|x64
		{AD7064B9-472B-491E-B909-68C80275427A}.Debug|iPhoneSimulator.Deploy.0 = Debug|x64
		{AD7064B9-472B-491E-B909-68C80275427A}.Debug|x64.ActiveCfg = Debug|x64
		{AD7064B9-472B-491E-B909-68C80275427A}.Debug|x64.Build.0 = Debug|x64
		{AD7064B9-472B-491E-B909-68C80275427A}.Debug|x64.Deploy.0 = Debug|x64
		{AD7064B9-472B-491E-B909-68C80275427A}.Debug|x86.ActiveCfg = Debug|x86
		{AD7064B9-472B-491E-B909-68C80275427A}.Debug|x86.Build.0 = Debug|x86
		{AD7064B9-472B-491E-B909-68C80275427A}.Debug|x86.Deploy.0 = Debug|x86
		{AD7064B9-472B-491E-B909-68C80275427A}.Release|Any CPU.ActiveCfg = Release|x64
		{AD7064B9-472B-491E-B909-68C80275427A}.Release|Any CPU.Build.0 = Release|x64
		{AD7064B9-472B-491E-B909-68C80275427A}.Release|Any CPU.Deploy.0 = Release|x64
		{AD7064B9-472B-491E-B909-68C80275427A}.Release|ARM.ActiveCfg = Release|ARM
		{AD7064B9-472B-491E-B909-68C80275427A}.Release|ARM.Build.0 = Release|ARM
		{AD7064B9-472B-491E-B909-68C80275427A}.Release|ARM.Deploy.0 = Release|ARM
		{AD7064B9-472B-491E-B909-68C80275427A}.Release|iPhone.ActiveCfg = Release|x64
		{AD7064B9-472B-491E-B909-68C80275427A}.Release|iPhone.Build.0 = Release|x64
		{AD7064B9-472B-491E-B909-68C80275427A}.Release|iPhone.Deploy.0 = Release|x64
		{AD7064B9-472B-491E-B909-68C80275427A}.Release|iPhoneSimulator.ActiveCfg = Release|x64
		{AD7064B9-472B-491E-B909-68C80275427A}.Release|iPhoneSimulator.Build.0 = Release|x64
		{AD7064B9-472B-491E-B909-68C80275427A}.Release|iPhoneSimulator.Deploy.0 = Release|x64
		{AD7064B9-472B-491E-B909-68C80275427A}.Release|x64.ActiveCfg = Release|x64
		{AD7064B9-472B-491E-B909-68C80275427A}.Release|x64.Build.0 = Release|x64
		{AD7064B9-472B-491E-B909-68C80275427A}.Release|x64.Deploy.0 = Release|x64
		{AD7064B9-472B-491E-B909-68C80275427A}.Release|x86.ActiveCfg = Release|x86
		{AD7064B9-472B-491E-B909-68C80275427A}.Release|x86.Build.0 = Release|x86
		{AD7064B9-472B-491E-B909-68C80275427A}.Release|x86.Deploy.0 = Release|x86
		{448B6AD0-4657-447E-950F-7CB30F0C1C69}.Debug|Any CPU.ActiveCfg = Debug|Any CPU
		{448B6AD0-4657-447E-950F-7CB30F0C1C69}.Debug|Any CPU.Build.0 = Debug|Any CPU
		{448B6AD0-4657-447E-950F-7CB30F0C1C69}.Debug|Any CPU.Deploy.0 = Debug|Any CPU
		{448B6AD0-4657-447E-950F-7CB30F0C1C69}.Debug|ARM.ActiveCfg = Debug|Any CPU
		{448B6AD0-4657-447E-950F-7CB30F0C1C69}.Debug|ARM.Build.0 = Debug|Any CPU
		{448B6AD0-4657-447E-950F-7CB30F0C1C69}.Debug|ARM.Deploy.0 = Debug|Any CPU
		{448B6AD0-4657-447E-950F-7CB30F0C1C69}.Debug|iPhone.ActiveCfg = Debug|Any CPU
		{448B6AD0-4657-447E-950F-7CB30F0C1C69}.Debug|iPhone.Build.0 = Debug|Any CPU
		{448B6AD0-4657-447E-950F-7CB30F0C1C69}.Debug|iPhone.Deploy.0 = Debug|Any CPU
		{448B6AD0-4657-447E-950F-7CB30F0C1C69}.Debug|iPhoneSimulator.ActiveCfg = Debug|Any CPU
		{448B6AD0-4657-447E-950F-7CB30F0C1C69}.Debug|iPhoneSimulator.Build.0 = Debug|Any CPU
		{448B6AD0-4657-447E-950F-7CB30F0C1C69}.Debug|iPhoneSimulator.Deploy.0 = Debug|Any CPU
		{448B6AD0-4657-447E-950F-7CB30F0C1C69}.Debug|x64.ActiveCfg = Debug|Any CPU
		{448B6AD0-4657-447E-950F-7CB30F0C1C69}.Debug|x64.Build.0 = Debug|Any CPU
		{448B6AD0-4657-447E-950F-7CB30F0C1C69}.Debug|x64.Deploy.0 = Debug|Any CPU
		{448B6AD0-4657-447E-950F-7CB30F0C1C69}.Debug|x86.ActiveCfg = Debug|Any CPU
		{448B6AD0-4657-447E-950F-7CB30F0C1C69}.Debug|x86.Build.0 = Debug|Any CPU
		{448B6AD0-4657-447E-950F-7CB30F0C1C69}.Debug|x86.Deploy.0 = Debug|Any CPU
		{448B6AD0-4657-447E-950F-7CB30F0C1C69}.Release|Any CPU.ActiveCfg = Release|Any CPU
		{448B6AD0-4657-447E-950F-7CB30F0C1C69}.Release|Any CPU.Build.0 = Release|Any CPU
		{448B6AD0-4657-447E-950F-7CB30F0C1C69}.Release|Any CPU.Deploy.0 = Release|Any CPU
		{448B6AD0-4657-447E-950F-7CB30F0C1C69}.Release|ARM.ActiveCfg = Release|Any CPU
		{448B6AD0-4657-447E-950F-7CB30F0C1C69}.Release|ARM.Build.0 = Release|Any CPU
		{448B6AD0-4657-447E-950F-7CB30F0C1C69}.Release|ARM.Deploy.0 = Release|Any CPU
		{448B6AD0-4657-447E-950F-7CB30F0C1C69}.Release|iPhone.ActiveCfg = Release|Any CPU
		{448B6AD0-4657-447E-950F-7CB30F0C1C69}.Release|iPhone.Build.0 = Release|Any CPU
		{448B6AD0-4657-447E-950F-7CB30F0C1C69}.Release|iPhone.Deploy.0 = Release|Any CPU
		{448B6AD0-4657-447E-950F-7CB30F0C1C69}.Release|iPhoneSimulator.ActiveCfg = Release|Any CPU
		{448B6AD0-4657-447E-950F-7CB30F0C1C69}.Release|iPhoneSimulator.Build.0 = Release|Any CPU
		{448B6AD0-4657-447E-950F-7CB30F0C1C69}.Release|iPhoneSimulator.Deploy.0 = Release|Any CPU
		{448B6AD0-4657-447E-950F-7CB30F0C1C69}.Release|x64.ActiveCfg = Release|Any CPU
		{448B6AD0-4657-447E-950F-7CB30F0C1C69}.Release|x64.Build.0 = Release|Any CPU
		{448B6AD0-4657-447E-950F-7CB30F0C1C69}.Release|x64.Deploy.0 = Release|Any CPU
		{448B6AD0-4657-447E-950F-7CB30F0C1C69}.Release|x86.ActiveCfg = Release|Any CPU
		{448B6AD0-4657-447E-950F-7CB30F0C1C69}.Release|x86.Build.0 = Release|Any CPU
		{448B6AD0-4657-447E-950F-7CB30F0C1C69}.Release|x86.Deploy.0 = Release|Any CPU
		{A9AA5FC6-89A4-405C-907A-A038326B8D56}.Debug|Any CPU.ActiveCfg = Debug|iPhoneSimulator
		{A9AA5FC6-89A4-405C-907A-A038326B8D56}.Debug|Any CPU.Build.0 = Debug|iPhoneSimulator
		{A9AA5FC6-89A4-405C-907A-A038326B8D56}.Debug|Any CPU.Deploy.0 = Debug|iPhoneSimulator
		{A9AA5FC6-89A4-405C-907A-A038326B8D56}.Debug|ARM.ActiveCfg = Debug|iPhoneSimulator
		{A9AA5FC6-89A4-405C-907A-A038326B8D56}.Debug|ARM.Build.0 = Debug|iPhoneSimulator
		{A9AA5FC6-89A4-405C-907A-A038326B8D56}.Debug|ARM.Deploy.0 = Debug|iPhoneSimulator
		{A9AA5FC6-89A4-405C-907A-A038326B8D56}.Debug|iPhone.ActiveCfg = Debug|iPhone
		{A9AA5FC6-89A4-405C-907A-A038326B8D56}.Debug|iPhone.Build.0 = Debug|iPhone
		{A9AA5FC6-89A4-405C-907A-A038326B8D56}.Debug|iPhone.Deploy.0 = Debug|iPhone
		{A9AA5FC6-89A4-405C-907A-A038326B8D56}.Debug|iPhoneSimulator.ActiveCfg = Debug|iPhoneSimulator
		{A9AA5FC6-89A4-405C-907A-A038326B8D56}.Debug|iPhoneSimulator.Build.0 = Debug|iPhoneSimulator
		{A9AA5FC6-89A4-405C-907A-A038326B8D56}.Debug|iPhoneSimulator.Deploy.0 = Debug|iPhoneSimulator
		{A9AA5FC6-89A4-405C-907A-A038326B8D56}.Debug|x64.ActiveCfg = Debug|iPhone
		{A9AA5FC6-89A4-405C-907A-A038326B8D56}.Debug|x64.Build.0 = Debug|iPhone
		{A9AA5FC6-89A4-405C-907A-A038326B8D56}.Debug|x64.Deploy.0 = Debug|iPhone
		{A9AA5FC6-89A4-405C-907A-A038326B8D56}.Debug|x86.ActiveCfg = Debug|iPhoneSimulator
		{A9AA5FC6-89A4-405C-907A-A038326B8D56}.Debug|x86.Build.0 = Debug|iPhoneSimulator
		{A9AA5FC6-89A4-405C-907A-A038326B8D56}.Debug|x86.Deploy.0 = Debug|iPhoneSimulator
		{A9AA5FC6-89A4-405C-907A-A038326B8D56}.Release|Any CPU.ActiveCfg = Release|iPhoneSimulator
		{A9AA5FC6-89A4-405C-907A-A038326B8D56}.Release|Any CPU.Build.0 = Release|iPhoneSimulator
		{A9AA5FC6-89A4-405C-907A-A038326B8D56}.Release|Any CPU.Deploy.0 = Release|iPhoneSimulator
		{A9AA5FC6-89A4-405C-907A-A038326B8D56}.Release|ARM.ActiveCfg = Release|iPhoneSimulator
		{A9AA5FC6-89A4-405C-907A-A038326B8D56}.Release|ARM.Build.0 = Release|iPhoneSimulator
		{A9AA5FC6-89A4-405C-907A-A038326B8D56}.Release|ARM.Deploy.0 = Release|iPhoneSimulator
		{A9AA5FC6-89A4-405C-907A-A038326B8D56}.Release|iPhone.ActiveCfg = Release|iPhone
		{A9AA5FC6-89A4-405C-907A-A038326B8D56}.Release|iPhone.Build.0 = Release|iPhone
		{A9AA5FC6-89A4-405C-907A-A038326B8D56}.Release|iPhone.Deploy.0 = Release|iPhone
		{A9AA5FC6-89A4-405C-907A-A038326B8D56}.Release|iPhoneSimulator.ActiveCfg = Release|iPhoneSimulator
		{A9AA5FC6-89A4-405C-907A-A038326B8D56}.Release|iPhoneSimulator.Build.0 = Release|iPhoneSimulator
		{A9AA5FC6-89A4-405C-907A-A038326B8D56}.Release|iPhoneSimulator.Deploy.0 = Release|iPhoneSimulator
		{A9AA5FC6-89A4-405C-907A-A038326B8D56}.Release|x64.ActiveCfg = Release|iPhoneSimulator
		{A9AA5FC6-89A4-405C-907A-A038326B8D56}.Release|x64.Build.0 = Release|iPhoneSimulator
		{A9AA5FC6-89A4-405C-907A-A038326B8D56}.Release|x64.Deploy.0 = Release|iPhoneSimulator
		{A9AA5FC6-89A4-405C-907A-A038326B8D56}.Release|x86.ActiveCfg = Release|iPhoneSimulator
		{A9AA5FC6-89A4-405C-907A-A038326B8D56}.Release|x86.Build.0 = Release|iPhoneSimulator
		{A9AA5FC6-89A4-405C-907A-A038326B8D56}.Release|x86.Deploy.0 = Release|iPhoneSimulator
		{819D8E23-E98C-4CD5-8D03-BA7E67C8E0F5}.Debug|Any CPU.ActiveCfg = Debug|Any CPU
		{819D8E23-E98C-4CD5-8D03-BA7E67C8E0F5}.Debug|Any CPU.Build.0 = Debug|Any CPU
		{819D8E23-E98C-4CD5-8D03-BA7E67C8E0F5}.Debug|Any CPU.Deploy.0 = Debug|Any CPU
		{819D8E23-E98C-4CD5-8D03-BA7E67C8E0F5}.Debug|ARM.ActiveCfg = Debug|Any CPU
		{819D8E23-E98C-4CD5-8D03-BA7E67C8E0F5}.Debug|ARM.Build.0 = Debug|Any CPU
		{819D8E23-E98C-4CD5-8D03-BA7E67C8E0F5}.Debug|ARM.Deploy.0 = Debug|Any CPU
		{819D8E23-E98C-4CD5-8D03-BA7E67C8E0F5}.Debug|iPhone.ActiveCfg = Debug|Any CPU
		{819D8E23-E98C-4CD5-8D03-BA7E67C8E0F5}.Debug|iPhone.Build.0 = Debug|Any CPU
		{819D8E23-E98C-4CD5-8D03-BA7E67C8E0F5}.Debug|iPhone.Deploy.0 = Debug|Any CPU
		{819D8E23-E98C-4CD5-8D03-BA7E67C8E0F5}.Debug|iPhoneSimulator.ActiveCfg = Debug|Any CPU
		{819D8E23-E98C-4CD5-8D03-BA7E67C8E0F5}.Debug|iPhoneSimulator.Build.0 = Debug|Any CPU
		{819D8E23-E98C-4CD5-8D03-BA7E67C8E0F5}.Debug|iPhoneSimulator.Deploy.0 = Debug|Any CPU
		{819D8E23-E98C-4CD5-8D03-BA7E67C8E0F5}.Debug|x64.ActiveCfg = Debug|Any CPU
		{819D8E23-E98C-4CD5-8D03-BA7E67C8E0F5}.Debug|x64.Build.0 = Debug|Any CPU
		{819D8E23-E98C-4CD5-8D03-BA7E67C8E0F5}.Debug|x64.Deploy.0 = Debug|Any CPU
		{819D8E23-E98C-4CD5-8D03-BA7E67C8E0F5}.Debug|x86.ActiveCfg = Debug|Any CPU
		{819D8E23-E98C-4CD5-8D03-BA7E67C8E0F5}.Debug|x86.Build.0 = Debug|Any CPU
		{819D8E23-E98C-4CD5-8D03-BA7E67C8E0F5}.Debug|x86.Deploy.0 = Debug|Any CPU
		{819D8E23-E98C-4CD5-8D03-BA7E67C8E0F5}.Release|Any CPU.ActiveCfg = Release|Any CPU
		{819D8E23-E98C-4CD5-8D03-BA7E67C8E0F5}.Release|Any CPU.Build.0 = Release|Any CPU
		{819D8E23-E98C-4CD5-8D03-BA7E67C8E0F5}.Release|Any CPU.Deploy.0 = Release|Any CPU
		{819D8E23-E98C-4CD5-8D03-BA7E67C8E0F5}.Release|ARM.ActiveCfg = Release|Any CPU
		{819D8E23-E98C-4CD5-8D03-BA7E67C8E0F5}.Release|ARM.Build.0 = Release|Any CPU
		{819D8E23-E98C-4CD5-8D03-BA7E67C8E0F5}.Release|ARM.Deploy.0 = Release|Any CPU
		{819D8E23-E98C-4CD5-8D03-BA7E67C8E0F5}.Release|iPhone.ActiveCfg = Release|Any CPU
		{819D8E23-E98C-4CD5-8D03-BA7E67C8E0F5}.Release|iPhone.Build.0 = Release|Any CPU
		{819D8E23-E98C-4CD5-8D03-BA7E67C8E0F5}.Release|iPhone.Deploy.0 = Release|Any CPU
		{819D8E23-E98C-4CD5-8D03-BA7E67C8E0F5}.Release|iPhoneSimulator.ActiveCfg = Release|Any CPU
		{819D8E23-E98C-4CD5-8D03-BA7E67C8E0F5}.Release|iPhoneSimulator.Build.0 = Release|Any CPU
		{819D8E23-E98C-4CD5-8D03-BA7E67C8E0F5}.Release|iPhoneSimulator.Deploy.0 = Release|Any CPU
		{819D8E23-E98C-4CD5-8D03-BA7E67C8E0F5}.Release|x64.ActiveCfg = Release|Any CPU
		{819D8E23-E98C-4CD5-8D03-BA7E67C8E0F5}.Release|x64.Build.0 = Release|Any CPU
		{819D8E23-E98C-4CD5-8D03-BA7E67C8E0F5}.Release|x64.Deploy.0 = Release|Any CPU
		{819D8E23-E98C-4CD5-8D03-BA7E67C8E0F5}.Release|x86.ActiveCfg = Release|Any CPU
		{819D8E23-E98C-4CD5-8D03-BA7E67C8E0F5}.Release|x86.Build.0 = Release|Any CPU
		{819D8E23-E98C-4CD5-8D03-BA7E67C8E0F5}.Release|x86.Deploy.0 = Release|Any CPU
	EndGlobalSection
	GlobalSection(SolutionProperties) = preSolution
		HideSolutionNode = FALSE
	EndGlobalSection
	GlobalSection(ExtensibilityGlobals) = postSolution
		SolutionGuid = {444B3896-A0A4-413B-84C2-16DF4773E754}
	EndGlobalSection
EndGlobal
